
Microsoft Visual Studio Solution File, Format Version 12.00
# Visual Studio Version 17
VisualStudioVersion = 17.3.32819.101
MinimumVisualStudioVersion = 10.0.40219.1
Project("{FAE04EC0-301F-11D3-BF4B-00C04F79EFBC}") = "my-favours", "my-favours\my-favours.csproj", "{2C80EC44-17E7-4C30-922F-2FE679556ACC}"
EndProject
Global
	GlobalSection(SolutionConfigurationPlatforms) = preSolution
		Debug|Any CPU = Debug|Any CPU
		Release|Any CPU = Release|Any CPU
	EndGlobalSection
	GlobalSection(ProjectConfigurationPlatforms) = postSolution
		{2C80EC44-17E7-4C30-922F-2FE679556ACC}.Debug|Any CPU.ActiveCfg = Debug|Any CPU
		{2C80EC44-17E7-4C30-922F-2FE679556ACC}.Debug|Any CPU.Build.0 = Debug|Any CPU
		{2C80EC44-17E7-4C30-922F-2FE679556ACC}.Release|Any CPU.ActiveCfg = Release|Any CPU
		{2C80EC44-17E7-4C30-922F-2FE679556ACC}.Release|Any CPU.Build.0 = Release|Any CPU
	EndGlobalSection
	GlobalSection(SolutionProperties) = preSolution
		HideSolutionNode = FALSE
	EndGlobalSection
	GlobalSection(ExtensibilityGlobals) = postSolution
		SolutionGuid = {015C5A24-4C8C-473B-A4B0-CF64D1BE5463}
	EndGlobalSection
EndGlobal
